
Microsoft Visual Studio Solution File, Format Version 12.00
# Visual Studio Version 17
VisualStudioVersion = 17.14.36202.13 d17.14
MinimumVisualStudioVersion = 10.0.40219.1
Project("{FAE04EC0-301F-11D3-BF4B-00C04F79EFBC}") = "CrosshairY", "CrosshairY.csproj", "{99E4018E-7D1E-4B2D-89B2-82BA0E16DAE2}"
EndProject
Global
	GlobalSection(SolutionConfigurationPlatforms) = preSolution
		Debug|Any CPU = Debug|Any CPU
		Release|Any CPU = Release|Any CPU
	EndGlobalSection
	GlobalSection(ProjectConfigurationPlatforms) = postSolution
		{99E4018E-7D1E-4B2D-89B2-82BA0E16DAE2}.Debug|Any CPU.ActiveCfg = Debug|Any CPU
		{99E4018E-7D1E-4B2D-89B2-82BA0E16DAE2}.Debug|Any CPU.Build.0 = Debug|Any CPU
		{99E4018E-7D1E-4B2D-89B2-82BA0E16DAE2}.Release|Any CPU.ActiveCfg = Release|Any CPU
		{99E4018E-7D1E-4B2D-89B2-82BA0E16DAE2}.Release|Any CPU.Build.0 = Release|Any CPU
	EndGlobalSection
	GlobalSection(SolutionProperties) = preSolution
		HideSolutionNode = FALSE
	EndGlobalSection
	GlobalSection(ExtensibilityGlobals) = postSolution
		SolutionGuid = {53E047B9-7AE8-4009-A17E-37A5CC845872}
	EndGlobalSection
EndGlobal
